
Microsoft Visual Studio Solution File, Format Version 12.00
# Visual Studio Version 16
VisualStudioVersion = 16.0.29001.49
MinimumVisualStudioVersion = 10.0.40219.1
Project("{FAE04EC0-301F-11D3-BF4B-00C04F79EFBC}") = "RadioPlayer", "RadioPlayer\RadioPlayer.csproj", "{A4FDFC8B-57B8-4683-B841-F5DB0468EA4F}"
EndProject
Global
	GlobalSection(SolutionConfigurationPlatforms) = preSolution
		Debug|Any CPU = Debug|Any CPU
		Release|Any CPU = Release|Any CPU
	EndGlobalSection
	GlobalSection(ProjectConfigurationPlatforms) = postSolution
		{A4FDFC8B-57B8-4683-B841-F5DB0468EA4F}.Debug|Any CPU.ActiveCfg = Debug|Any CPU
		{A4FDFC8B-57B8-4683-B841-F5DB0468EA4F}.Debug|Any CPU.Build.0 = Debug|Any CPU
		{A4FDFC8B-57B8-4683-B841-F5DB0468EA4F}.Release|Any CPU.ActiveCfg = Release|Any CPU
		{A4FDFC8B-57B8-4683-B841-F5DB0468EA4F}.Release|Any CPU.Build.0 = Release|Any CPU
	EndGlobalSection
	GlobalSection(SolutionProperties) = preSolution
		HideSolutionNode = FALSE
	EndGlobalSection
	GlobalSection(ExtensibilityGlobals) = postSolution
		SolutionGuid = {8A9AD177-3EDD-42B9-9D1C-37A05694B161}
	EndGlobalSection
EndGlobal
